PackratFormat: 1.4
PackratVersion: 0.4.9.2
RVersion: 3.4.4
Repos: CRAN=https://cloud.r-project.org

Package: BH
Source: CRAN
Version: 1.65.0-1
Hash: 95f62be4d6916aae14a310a8b56a6475

Package: DBI
Source: CRAN
Version: 0.7
Hash: 1ab72df487f06ad5f0de05446cdd4bd6

Package: DT
Source: CRAN
Version: 0.1
Hash: 66d3d04d40c505e567c1328eae0409ee
Requires: htmltools, htmlwidgets, magrittr

Package: R6
Source: CRAN
Version: 2.2.2
Hash: b2366cd9d2f3851a5704b4e192b985c2

Package: RCurl
Source: CRAN
Version: 1.95-4.8
Hash: 79c7d5a8684e44e0e3426d3093aa7d90
Requires: bitops

Package: RJSONIO
Source: CRAN
Version: 1.3-0
Hash: fb672e20eb6f3010a3639f855d8ef6de

Package: RMySQL
Source: CRAN
Version: 0.10.13
Hash: 9cb5f1692b33d3c6b981e5e1e95abee6
Requires: DBI

Package: Rcpp
Source: CRAN
Version: 0.12.14
Hash: f9a2a481350397e53b0768bf488329cd

Package: assertthat
Source: CRAN
Version: 0.2.0
Hash: e8805df54c65ac96d50235c44a82615c

Package: bindr
Source: CRAN
Version: 0.1
Hash: e3a02070cf705d3ad1c5af1635a515a3

Package: bindrcpp
Source: CRAN
Version: 0.2
Hash: 7f7dcd1dc351f84798fd3dc4eb8a0e78
Requires: Rcpp, bindr, plogr

Package: bitops
Source: CRAN
Version: 1.0-6
Hash: 67d0775189fd0041d95abca618c5c07e

Package: dbplyr
Source: CRAN
Version: 1.1.0
Hash: 3375b0f6df680aa0708ec0dfe0334c4d
Requires: DBI, R6, assertthat, dplyr, glue, purrr, rlang, tibble

Package: digest
Source: CRAN
Version: 0.6.12
Hash: e53fb8c58673df868183697e39a6a4d6

Package: dplyr
Source: CRAN
Version: 0.7.4
Hash: e1c300a22e22086568531c9d0c93bafc
Requires: BH, R6, Rcpp, assertthat, bindrcpp, glue, magrittr,
    pkgconfig, plogr, rlang, tibble

Package: glue
Source: CRAN
Version: 1.2.0
Hash: 381e42baedecc633c0e547a0c7ca9de7

Package: htmltools
Source: CRAN
Version: 0.3.6
Hash: 10db2fe4e1ac6057e5555db165a0d870
Requires: Rcpp, digest

Package: htmlwidgets
Source: CRAN
Version: 0.8
Hash: e7a3c80acddc2412f96d616949e40bb8
Requires: htmltools, jsonlite, yaml

Package: httpuv
Source: CRAN
Version: 1.3.5
Hash: ecd2d1c0cac94fe968398551b57d7fb2
Requires: Rcpp

Package: jsonlite
Source: CRAN
Version: 1.5
Hash: 9c51936d8dd00b2f1d4fe9d10499694c

Package: later
Source: CRAN
Version: 0.6
Hash: 78a64382a0b5b2756e77d407dc01f75f
Requires: BH, Rcpp, rlang

Package: lazyeval
Source: CRAN
Version: 0.2.1
Hash: 88926ad9c43581fd0822a37c8ed09f05

Package: magrittr
Source: CRAN
Version: 1.5
Hash: bdc4d48c3135e8f3b399536ddf160df4

Package: mime
Source: CRAN
Version: 0.5
Hash: 463550cf44fb6f0a2359368f42eebe62

Package: miniUI
Source: CRAN
Version: 0.1.1
Hash: e85626581f80b1fe6c92a96ec348efc5
Requires: htmltools, shiny

Package: openxlsx
Source: CRAN
Version: 4.1.0
Requires: Rcpp, zip

Package: packrat
Source: CRAN
Version: 0.4.9-2
Hash: 47dbd4e04dcd01da02a2021203205cb1

Package: pkgconfig
Source: CRAN
Version: 2.0.1
Hash: 0dda4a2654a22b36a715c2b0b6fbacac

Package: plogr
Source: CRAN
Version: 0.1-1
Hash: fb19215402e2d9f1c7f803dcaa806fc2

Package: plyr
Source: CRAN
Version: 1.8.3
Hash: 9228e945fc22842192784b9e73b6b44b
Requires: Rcpp

Package: pool
Source: CRAN
Version: 0.1.3
Hash: 04f44dd661b454038bbc3bd064634d86
Requires: DBI, R6, dbplyr, dplyr, later

Package: purrr
Source: CRAN
Version: 0.2.4
Hash: a80b244ccd3fdb33a0ff2be3c50dd648
Requires: magrittr, rlang, tibble

Package: rCharts
Source: github
Version: 0.4.5
Hash: db62ff56b79391005dfd0b9b58d94e74
Requires: RCurl, RJSONIO, plyr, whisker, yaml
GithubRepo: rCharts
GithubUsername: ramnathv
GithubRef: master
GithubSha1: 389e214c9e006fea0e93d73621b83daa8d3d0ba2
RemoteHost: api.github.com
RemoteRepo: rCharts
RemoteUsername: ramnathv
RemoteSha: 389e214c9e006fea0e93d73621b83daa8d3d0ba2

Package: rlang
Source: CRAN
Version: 0.1.4
Hash: fef2abdadbb8db061b9d37e7ca5cb0b4

Package: shiny
Source: CRAN
Version: 1.0.5
Hash: 4d47532a807122bfd6bc3818310f9d2e
Requires: R6, digest, htmltools, httpuv, jsonlite, mime, sourcetools,
    xtable

Package: shinydashboard
Source: CRAN
Version: 0.6.1
Hash: b48e9bf83e320416eca507dd0d75b362
Requires: htmltools, shiny

Package: shinyjs
Source: github
Version: 0.5.2
Hash: 0ef45924c4adba0fdeb3bafd218eca84
Requires: digest, htmltools, miniUI, shiny
GithubRepo: shinyjs
GithubUsername: daattali
GithubRef: master
GithubSha1: 8c31a2c212aa2da86f8f30d652e0c82a43fbda94
RemoteHost: api.github.com
RemoteRepo: shinyjs
RemoteUsername: daattali
RemoteSha: 8c31a2c212aa2da86f8f30d652e0c82a43fbda94

Package: sourcetools
Source: CRAN
Version: 0.1.6
Hash: 226d56d7469587da40b0f96180e711b4

Package: stringi
Source: CRAN
Version: 1.2.3
Hash: bccbb90bf5e1c53f659359c06c0dde79

Package: stringr
Source: CRAN
Version: 1.3.1
Hash: 9f417a1d899ed1f080942ab36998e8b5
Requires: glue, magrittr, stringi

Package: tibble
Source: CRAN
Version: 1.3.4
Hash: 2a67e8388d452614b66121fefa1e39b7
Requires: Rcpp, rlang

Package: tidyr
Source: CRAN
Version: 0.4.1
Hash: 3a4050cfeb5134a0a95614fc5e7edb9d
Requires: Rcpp, dplyr, lazyeval, magrittr, stringi

Package: whisker
Source: CRAN
Version: 0.3-2
Hash: 803d662762e532705c2c066a82d066e7

Package: xtable
Source: CRAN
Version: 1.8-2
Hash: 7293235cfcc14cdff1ce7fd1a0212031

Package: yaml
Source: CRAN
Version: 2.1.14
Hash: c81230c3a7d9ba20607ad6b4331173d1

Package: zip
Source: CRAN
Version: 1.0.0
